
Microsoft Visual Studio Solution File, Format Version 12.00
Project("{FAE04EC0-301F-11D3-BF4B-00C04F79EFBC}") = "GrpcPractice2", "GrpcPractice2\GrpcPractice2.csproj", "{F23E19FE-400D-4319-98AD-524A8095D469}"
EndProject
Project("{FAE04EC0-301F-11D3-BF4B-00C04F79EFBC}") = "GrpcPractice2Client", "GrpcPractice2Client\GrpcPractice2Client.csproj", "{A06783D4-D213-416F-9332-0F1D7344BA8C}"
EndProject
Project("{FAE04EC0-301F-11D3-BF4B-00C04F79EFBC}") = "grpcPractice2JwtClient", "grpcPractice2JwtClient\grpcPractice2JwtClient.csproj", "{81519072-2783-4530-B139-1162CDAE7627}"
EndProject
Global
	GlobalSection(SolutionConfigurationPlatforms) = preSolution
		Debug|Any CPU = Debug|Any CPU
		Release|Any CPU = Release|Any CPU
	EndGlobalSection
	GlobalSection(ProjectConfigurationPlatforms) = postSolution
		{F23E19FE-400D-4319-98AD-524A8095D469}.Debug|Any CPU.ActiveCfg = Debug|Any CPU
		{F23E19FE-400D-4319-98AD-524A8095D469}.Debug|Any CPU.Build.0 = Debug|Any CPU
		{F23E19FE-400D-4319-98AD-524A8095D469}.Release|Any CPU.ActiveCfg = Release|Any CPU
		{F23E19FE-400D-4319-98AD-524A8095D469}.Release|Any CPU.Build.0 = Release|Any CPU
		{A06783D4-D213-416F-9332-0F1D7344BA8C}.Debug|Any CPU.ActiveCfg = Debug|Any CPU
		{A06783D4-D213-416F-9332-0F1D7344BA8C}.Debug|Any CPU.Build.0 = Debug|Any CPU
		{A06783D4-D213-416F-9332-0F1D7344BA8C}.Release|Any CPU.ActiveCfg = Release|Any CPU
		{A06783D4-D213-416F-9332-0F1D7344BA8C}.Release|Any CPU.Build.0 = Release|Any CPU
		{81519072-2783-4530-B139-1162CDAE7627}.Debug|Any CPU.ActiveCfg = Debug|Any CPU
		{81519072-2783-4530-B139-1162CDAE7627}.Debug|Any CPU.Build.0 = Debug|Any CPU
		{81519072-2783-4530-B139-1162CDAE7627}.Release|Any CPU.ActiveCfg = Release|Any CPU
		{81519072-2783-4530-B139-1162CDAE7627}.Release|Any CPU.Build.0 = Release|Any CPU
	EndGlobalSection
EndGlobal
